<Solution>
  <Project Path="docker-compose.dcproj">
    <Build />
  </Project>
  <Project Path="Vakaros.Vkx.Api/Vakaros.Vkx.Api.csproj" />
  <Project Path="Vakaros.Vkx.Parser/Vakaros.Vkx.Parser.csproj" />
  <Project Path="Vakaros.Vkx.Shared/Vakaros.Vkx.Shared.csproj" />
  <Project Path="Vakaros.Vkx.Web/Vakaros.Vkx.Web.esproj">
    <Build />
    <Deploy />
  </Project>
</Solution>
